lockfileVersion: '6.0'

settings:
  autoInstallPeers: true
  excludeLinksFromLockfile: false

dependencies:
  chart.js:
    specifier: 3.9.1
    version: 3.9.1
  chartjs-adapter-date-fns:
    specifier: 2.0.0
    version: 2.0.0(chart.js@3.9.1)

packages:

  /chart.js@3.9.1:
    resolution: {integrity: sha512-Ro2JbLmvg83gXF5F4sniaQ+lTbSv18E+TIf2cOeiH1Iqd2PGFOtem+DUufMZsCJwFE7ywPOpfXFBwRTGq7dh6w==}
    dev: false

  /chartjs-adapter-date-fns@2.0.0(chart.js@3.9.1):
    resolution: {integrity: sha512-rmZINGLe+9IiiEB0kb57vH3UugAtYw33anRiw5kS2Tu87agpetDDoouquycWc9pRsKtQo5j+vLsYHyr8etAvFw==}
    peerDependencies:
      chart.js: ^3.0.0
    dependencies:
      chart.js: 3.9.1
    dev: false
